
Microsoft Visual Studio Solution File, Format Version 12.00
# Visual Studio 15
VisualStudioVersion = 15.0.28307.106
MinimumVisualStudioVersion = 10.0.40219.1
Project("{FAE04EC0-301F-11D3-BF4B-00C04F79EFBC}") = "Alexa.PostnordTrackAndTrace", "Alexa.PostnordTrackAndTrace\Alexa.PostnordTrackAndTrace.csproj", "{D66F7F26-7A9A-49A1-B2B4-93D0CBD54DBD}"
EndProject
Global
	GlobalSection(SolutionConfigurationPlatforms) = preSolution
		Debug|Any CPU = Debug|Any CPU
		Release|Any CPU = Release|Any CPU
	EndGlobalSection
	GlobalSection(ProjectConfigurationPlatforms) = postSolution
		{D66F7F26-7A9A-49A1-B2B4-93D0CBD54DBD}.Debug|Any CPU.ActiveCfg = Debug|Any CPU
		{D66F7F26-7A9A-49A1-B2B4-93D0CBD54DBD}.Debug|Any CPU.Build.0 = Debug|Any CPU
		{D66F7F26-7A9A-49A1-B2B4-93D0CBD54DBD}.Release|Any CPU.ActiveCfg = Release|Any CPU
		{D66F7F26-7A9A-49A1-B2B4-93D0CBD54DBD}.Release|Any CPU.Build.0 = Release|Any CPU
	EndGlobalSection
	GlobalSection(SolutionProperties) = preSolution
		HideSolutionNode = FALSE
	EndGlobalSection
	GlobalSection(ExtensibilityGlobals) = postSolution
		SolutionGuid = {C20539EB-C162-4AE3-8BE4-D8CAE24D7D40}
	EndGlobalSection
EndGlobal
