
Microsoft Visual Studio Solution File, Format Version 12.00
# Visual Studio 15
VisualStudioVersion = 15.0.28307.106
MinimumVisualStudioVersion = 10.0.40219.1
Project("{9A19103F-16F7-4668-BE54-9A1E7A4F7556}") = "Alexa.PostnordTrackAndTrace", "Alexa.PostnordTrackAndTrace\Alexa.PostnordTrackAndTrace.csproj", "{D66F7F26-7A9A-49A1-B2B4-93D0CBD54DBD}"
EndProject
Project("{9A19103F-16F7-4668-BE54-9A1E7A4F7556}") = "Alexa.PostnordTrackAndTrace.Tests", "Alexa.PostnordTrackAndTrace.Tests\Alexa.PostnordTrackAndTrace.Tests.csproj", "{6EF63429-21D8-4F4D-99EB-DA94704308C2}"
EndProject
Project("{9A19103F-16F7-4668-BE54-9A1E7A4F7556}") = "Postnord.API", "Postnord.API\Postnord.API.csproj", "{AFAF25AF-A8C9-40AA-8112-30D9CF1CF0D7}"
EndProject
Project("{9A19103F-16F7-4668-BE54-9A1E7A4F7556}") = "Alexa.NET.APL", "Alexa.NET.APL\Alexa.NET.APL\Alexa.NET.APL.csproj", "{A1C09090-B116-477D-9ED8-AADC8E7DED5E}"
EndProject
Global
	GlobalSection(SolutionConfigurationPlatforms) = preSolution
		Debug|Any CPU = Debug|Any CPU
		Release|Any CPU = Release|Any CPU
	EndGlobalSection
	GlobalSection(ProjectConfigurationPlatforms) = postSolution
		{D66F7F26-7A9A-49A1-B2B4-93D0CBD54DBD}.Debug|Any CPU.ActiveCfg = Debug|Any CPU
		{D66F7F26-7A9A-49A1-B2B4-93D0CBD54DBD}.Debug|Any CPU.Build.0 = Debug|Any CPU
		{D66F7F26-7A9A-49A1-B2B4-93D0CBD54DBD}.Release|Any CPU.ActiveCfg = Release|Any CPU
		{D66F7F26-7A9A-49A1-B2B4-93D0CBD54DBD}.Release|Any CPU.Build.0 = Release|Any CPU
		{6EF63429-21D8-4F4D-99EB-DA94704308C2}.Debug|Any CPU.ActiveCfg = Debug|Any CPU
		{6EF63429-21D8-4F4D-99EB-DA94704308C2}.Debug|Any CPU.Build.0 = Debug|Any CPU
		{6EF63429-21D8-4F4D-99EB-DA94704308C2}.Release|Any CPU.ActiveCfg = Release|Any CPU
		{6EF63429-21D8-4F4D-99EB-DA94704308C2}.Release|Any CPU.Build.0 = Release|Any CPU
		{AFAF25AF-A8C9-40AA-8112-30D9CF1CF0D7}.Debug|Any CPU.ActiveCfg = Debug|Any CPU
		{AFAF25AF-A8C9-40AA-8112-30D9CF1CF0D7}.Debug|Any CPU.Build.0 = Debug|Any CPU
		{AFAF25AF-A8C9-40AA-8112-30D9CF1CF0D7}.Release|Any CPU.ActiveCfg = Release|Any CPU
		{AFAF25AF-A8C9-40AA-8112-30D9CF1CF0D7}.Release|Any CPU.Build.0 = Release|Any CPU
		{A1C09090-B116-477D-9ED8-AADC8E7DED5E}.Debug|Any CPU.ActiveCfg = Debug|Any CPU
		{A1C09090-B116-477D-9ED8-AADC8E7DED5E}.Debug|Any CPU.Build.0 = Debug|Any CPU
		{A1C09090-B116-477D-9ED8-AADC8E7DED5E}.Release|Any CPU.ActiveCfg = Release|Any CPU
		{A1C09090-B116-477D-9ED8-AADC8E7DED5E}.Release|Any CPU.Build.0 = Release|Any CPU
	EndGlobalSection
	GlobalSection(SolutionProperties) = preSolution
		HideSolutionNode = FALSE
	EndGlobalSection
	GlobalSection(ExtensibilityGlobals) = postSolution
		SolutionGuid = {C20539EB-C162-4AE3-8BE4-D8CAE24D7D40}
	EndGlobalSection
EndGlobal
